
Microsoft Visual Studio Solution File, Format Version 12.00
# Visual Studio 15
VisualStudioVersion = 15.0.26730.15
MinimumVisualStudioVersion = 10.0.40219.1
Project("{FAE04EC0-301F-11D3-BF4B-00C04F79EFBC}") = "BankAccountApp", "BankAccountApp\BankAccountApp.csproj", "{C7FFC3DB-BE78-4AA8-A038-00E015E1C8CA}"
EndProject
Global
	GlobalSection(SolutionConfigurationPlatforms) = preSolution
		Debug|Any CPU = Debug|Any CPU
		Release|Any CPU = Release|Any CPU
	EndGlobalSection
	GlobalSection(ProjectConfigurationPlatforms) = postSolution
		{C7FFC3DB-BE78-4AA8-A038-00E015E1C8CA}.Debug|Any CPU.ActiveCfg = Debug|Any CPU
		{C7FFC3DB-BE78-4AA8-A038-00E015E1C8CA}.Debug|Any CPU.Build.0 = Debug|Any CPU
		{C7FFC3DB-BE78-4AA8-A038-00E015E1C8CA}.Release|Any CPU.ActiveCfg = Release|Any CPU
		{C7FFC3DB-BE78-4AA8-A038-00E015E1C8CA}.Release|Any CPU.Build.0 = Release|Any CPU
	EndGlobalSection
	GlobalSection(SolutionProperties) = preSolution
		HideSolutionNode = FALSE
	EndGlobalSection
	GlobalSection(ExtensibilityGlobals) = postSolution
		SolutionGuid = {1D8D7A7E-C7FE-4E98-A97A-862305E867A4}
	EndGlobalSection
EndGlobal
