
Microsoft Visual Studio Solution File, Format Version 12.00
# Visual Studio Version 16
VisualStudioVersion = 16.0.30517.126
MinimumVisualStudioVersion = 10.0.40219.1
Project("{FAE04EC0-301F-11D3-BF4B-00C04F79EFBC}") = "ExampleClassObject", "ExampleClassObject\ExampleClassObject.csproj", "{BFE9F93C-BBCC-4629-8A3C-A90EB4666EA2}"
EndProject
Global
	GlobalSection(SolutionConfigurationPlatforms) = preSolution
		Debug|Any CPU = Debug|Any CPU
		Release|Any CPU = Release|Any CPU
	EndGlobalSection
	GlobalSection(ProjectConfigurationPlatforms) = postSolution
		{BFE9F93C-BBCC-4629-8A3C-A90EB4666EA2}.Debug|Any CPU.ActiveCfg = Debug|Any CPU
		{BFE9F93C-BBCC-4629-8A3C-A90EB4666EA2}.Debug|Any CPU.Build.0 = Debug|Any CPU
		{BFE9F93C-BBCC-4629-8A3C-A90EB4666EA2}.Release|Any CPU.ActiveCfg = Release|Any CPU
		{BFE9F93C-BBCC-4629-8A3C-A90EB4666EA2}.Release|Any CPU.Build.0 = Release|Any CPU
	EndGlobalSection
	GlobalSection(SolutionProperties) = preSolution
		HideSolutionNode = FALSE
	EndGlobalSection
	GlobalSection(ExtensibilityGlobals) = postSolution
		SolutionGuid = {4D5824A5-D837-4332-9B05-94890FB607EA}
	EndGlobalSection
EndGlobal
